
Microsoft Visual Studio Solution File, Format Version 12.00
Project("{FAE04EC0-301F-11D3-BF4B-00C04F79EFBC}") = "KataCoffeeMachine", "KataCoffeeMachine\KataCoffeeMachine.csproj", "{B12543EC-D414-471B-97B2-A5639BD1822D}"
EndProject
Project("{FAE04EC0-301F-11D3-BF4B-00C04F79EFBC}") = "KataCoffeeMachine.Tests", "KataCoffeeMachine.Tests\KataCoffeeMachine.Tests.csproj", "{724F04E8-FE81-49A8-8E9C-B706BF28CDF6}"
EndProject
Global
	GlobalSection(SolutionConfigurationPlatforms) = preSolution
		Debug|Any CPU = Debug|Any CPU
		Release|Any CPU = Release|Any CPU
	EndGlobalSection
	GlobalSection(ProjectConfigurationPlatforms) = postSolution
		{B12543EC-D414-471B-97B2-A5639BD1822D}.Debug|Any CPU.ActiveCfg = Debug|Any CPU
		{B12543EC-D414-471B-97B2-A5639BD1822D}.Debug|Any CPU.Build.0 = Debug|Any CPU
		{B12543EC-D414-471B-97B2-A5639BD1822D}.Release|Any CPU.ActiveCfg = Release|Any CPU
		{B12543EC-D414-471B-97B2-A5639BD1822D}.Release|Any CPU.Build.0 = Release|Any CPU
		{724F04E8-FE81-49A8-8E9C-B706BF28CDF6}.Debug|Any CPU.ActiveCfg = Debug|Any CPU
		{724F04E8-FE81-49A8-8E9C-B706BF28CDF6}.Debug|Any CPU.Build.0 = Debug|Any CPU
		{724F04E8-FE81-49A8-8E9C-B706BF28CDF6}.Release|Any CPU.ActiveCfg = Release|Any CPU
		{724F04E8-FE81-49A8-8E9C-B706BF28CDF6}.Release|Any CPU.Build.0 = Release|Any CPU
	EndGlobalSection
EndGlobal
