
Microsoft Visual Studio Solution File, Format Version 12.00
Project("{FAE04EC0-301F-11D3-BF4B-00C04F79EFBC}") = "KataPasswordValidator", "KataPasswordValidator\KataPasswordValidator.csproj", "{5D10F3FA-36E7-4527-952B-4D74EF27FC6F}"
EndProject
Project("{FAE04EC0-301F-11D3-BF4B-00C04F79EFBC}") = "KataPasswordValidator.Tests", "KataPasswordValidator.Tests\KataPasswordValidator.Tests.csproj", "{FA4377D0-E5C5-491C-ABE3-208056CA896C}"
EndProject
Global
	GlobalSection(SolutionConfigurationPlatforms) = preSolution
		Debug|Any CPU = Debug|Any CPU
		Release|Any CPU = Release|Any CPU
	EndGlobalSection
	GlobalSection(ProjectConfigurationPlatforms) = postSolution
		{5D10F3FA-36E7-4527-952B-4D74EF27FC6F}.Debug|Any CPU.ActiveCfg = Debug|Any CPU
		{5D10F3FA-36E7-4527-952B-4D74EF27FC6F}.Debug|Any CPU.Build.0 = Debug|Any CPU
		{5D10F3FA-36E7-4527-952B-4D74EF27FC6F}.Release|Any CPU.ActiveCfg = Release|Any CPU
		{5D10F3FA-36E7-4527-952B-4D74EF27FC6F}.Release|Any CPU.Build.0 = Release|Any CPU
		{FA4377D0-E5C5-491C-ABE3-208056CA896C}.Debug|Any CPU.ActiveCfg = Debug|Any CPU
		{FA4377D0-E5C5-491C-ABE3-208056CA896C}.Debug|Any CPU.Build.0 = Debug|Any CPU
		{FA4377D0-E5C5-491C-ABE3-208056CA896C}.Release|Any CPU.ActiveCfg = Release|Any CPU
		{FA4377D0-E5C5-491C-ABE3-208056CA896C}.Release|Any CPU.Build.0 = Release|Any CPU
	EndGlobalSection
EndGlobal
